
Microsoft Visual Studio Solution File, Format Version 12.00
# Visual Studio Version 16
VisualStudioVersion = 16.0.30907.101
MinimumVisualStudioVersion = 10.0.40219.1
Project("{FAE04EC0-301F-11D3-BF4B-00C04F79EFBC}") = "Ucus_Rezervasyon_Sistemi", "Ucus_Rezervasyon_Sistemi\Ucus_Rezervasyon_Sistemi.csproj", "{817B6BE2-8A11-47D7-843E-D1EE248364C7}"
EndProject
Global
	GlobalSection(SolutionConfigurationPlatforms) = preSolution
		Debug|Any CPU = Debug|Any CPU
		Release|Any CPU = Release|Any CPU
	EndGlobalSection
	GlobalSection(ProjectConfigurationPlatforms) = postSolution
		{817B6BE2-8A11-47D7-843E-D1EE248364C7}.Debug|Any CPU.ActiveCfg = Debug|Any CPU
		{817B6BE2-8A11-47D7-843E-D1EE248364C7}.Debug|Any CPU.Build.0 = Debug|Any CPU
		{817B6BE2-8A11-47D7-843E-D1EE248364C7}.Release|Any CPU.ActiveCfg = Release|Any CPU
		{817B6BE2-8A11-47D7-843E-D1EE248364C7}.Release|Any CPU.Build.0 = Release|Any CPU
	EndGlobalSection
	GlobalSection(SolutionProperties) = preSolution
		HideSolutionNode = FALSE
	EndGlobalSection
	GlobalSection(ExtensibilityGlobals) = postSolution
		SolutionGuid = {DE1D208E-5640-4D2A-97B6-C83F96086C87}
	EndGlobalSection
EndGlobal
